
Microsoft Visual Studio Solution File, Format Version 12.00
# Visual Studio 15
VisualStudioVersion = 15.0.25123.0
MinimumVisualStudioVersion = 10.0.40219.1
Project("{FAE04EC0-301F-11D3-BF4B-00C04F79EFBC}") = "IotDemo", "IotDemo\IotDemo.csproj", "{94583C52-4089-4553-A4FF-14ED4B6F3D3A}"
EndProject
Project("{2150E333-8FDC-42A3-9474-1A3956D46DE8}") = "Solution Items", "Solution Items", "{C604C9EA-0702-4107-8E52-4A94614D7BC8}"
	ProjectSection(SolutionItems) = preProject
		LICENSE.md = LICENSE.md
		NuGet.config = NuGet.config
		README.md = README.md
	EndProjectSection
EndProject
Project("{FAE04EC0-301F-11D3-BF4B-00C04F79EFBC}") = "IotDemo.iOS", "IotDemo.iOS\IotDemo.iOS.csproj", "{10E3D974-5120-4FFB-B7B2-D4AF2B36F37E}"
EndProject
Project("{FAE04EC0-301F-11D3-BF4B-00C04F79EFBC}") = "IotDemo.Android", "IotDemo.Android\IotDemo.Android.csproj", "{1F7517CF-4CE0-4878-9AB8-756AA15082FC}"
EndProject
Project("{D954291E-2A0B-460D-934E-DC6B0785DB48}") = "IotDemo.Shared", "IotDemo.Shared\IotDemo.Shared.shproj", "{03E50E72-33F0-4DBB-AFB4-13A782CB1889}"
EndProject
Global
	GlobalSection(SharedMSBuildProjectFiles) = preSolution
		IotDemo.Shared\IotDemo.Shared.projitems*{10e3d974-5120-4ffb-b7b2-d4af2b36f37e}*SharedItemsImports = 4
		IotDemo.Shared\IotDemo.Shared.projitems*{03e50e72-33f0-4dbb-afb4-13a782cb1889}*SharedItemsImports = 13
		IotDemo.Shared\IotDemo.Shared.projitems*{1f7517cf-4ce0-4878-9ab8-756aa15082fc}*SharedItemsImports = 4
	EndGlobalSection
	GlobalSection(SolutionConfigurationPlatforms) = preSolution
		Debug|Any CPU = Debug|Any CPU
		Debug|ARM = Debug|ARM
		Debug|iPhone = Debug|iPhone
		Debug|iPhoneSimulator = Debug|iPhoneSimulator
		Debug|x64 = Debug|x64
		Debug|x86 = Debug|x86
		Release|Any CPU = Release|Any CPU
		Release|ARM = Release|ARM
		Release|iPhone = Release|iPhone
		Release|iPhoneSimulator = Release|iPhoneSimulator
		Release|x64 = Release|x64
		Release|x86 = Release|x86
	EndGlobalSection
	GlobalSection(ProjectConfigurationPlatforms) = postSolution
		{94583C52-4089-4553-A4FF-14ED4B6F3D3A}.Debug|Any CPU.ActiveCfg = Debug|x86
		{94583C52-4089-4553-A4FF-14ED4B6F3D3A}.Debug|ARM.ActiveCfg = Debug|ARM
		{94583C52-4089-4553-A4FF-14ED4B6F3D3A}.Debug|ARM.Build.0 = Debug|ARM
		{94583C52-4089-4553-A4FF-14ED4B6F3D3A}.Debug|iPhone.ActiveCfg = Debug|x86
		{94583C52-4089-4553-A4FF-14ED4B6F3D3A}.Debug|iPhoneSimulator.ActiveCfg = Debug|x86
		{94583C52-4089-4553-A4FF-14ED4B6F3D3A}.Debug|x64.ActiveCfg = Debug|x64
		{94583C52-4089-4553-A4FF-14ED4B6F3D3A}.Debug|x64.Build.0 = Debug|x64
		{94583C52-4089-4553-A4FF-14ED4B6F3D3A}.Debug|x64.Deploy.0 = Debug|x64
		{94583C52-4089-4553-A4FF-14ED4B6F3D3A}.Debug|x86.ActiveCfg = Debug|x86
		{94583C52-4089-4553-A4FF-14ED4B6F3D3A}.Debug|x86.Build.0 = Debug|x86
		{94583C52-4089-4553-A4FF-14ED4B6F3D3A}.Debug|x86.Deploy.0 = Debug|x86
		{94583C52-4089-4553-A4FF-14ED4B6F3D3A}.Release|Any CPU.ActiveCfg = Release|x86
		{94583C52-4089-4553-A4FF-14ED4B6F3D3A}.Release|ARM.ActiveCfg = Release|ARM
		{94583C52-4089-4553-A4FF-14ED4B6F3D3A}.Release|ARM.Build.0 = Release|ARM
		{94583C52-4089-4553-A4FF-14ED4B6F3D3A}.Release|ARM.Deploy.0 = Release|ARM
		{94583C52-4089-4553-A4FF-14ED4B6F3D3A}.Release|iPhone.ActiveCfg = Release|x86
		{94583C52-4089-4553-A4FF-14ED4B6F3D3A}.Release|iPhoneSimulator.ActiveCfg = Release|x86
		{94583C52-4089-4553-A4FF-14ED4B6F3D3A}.Release|x64.ActiveCfg = Release|x64
		{94583C52-4089-4553-A4FF-14ED4B6F3D3A}.Release|x64.Build.0 = Release|x64
		{94583C52-4089-4553-A4FF-14ED4B6F3D3A}.Release|x64.Deploy.0 = Release|x64
		{94583C52-4089-4553-A4FF-14ED4B6F3D3A}.Release|x86.ActiveCfg = Release|x86
		{94583C52-4089-4553-A4FF-14ED4B6F3D3A}.Release|x86.Build.0 = Release|x86
		{94583C52-4089-4553-A4FF-14ED4B6F3D3A}.Release|x86.Deploy.0 = Release|x86
		{10E3D974-5120-4FFB-B7B2-D4AF2B36F37E}.Debug|Any CPU.ActiveCfg = Debug|iPhoneSimulator
		{10E3D974-5120-4FFB-B7B2-D4AF2B36F37E}.Debug|Any CPU.Build.0 = Debug|iPhoneSimulator
		{10E3D974-5120-4FFB-B7B2-D4AF2B36F37E}.Debug|ARM.ActiveCfg = Debug|iPhoneSimulator
		{10E3D974-5120-4FFB-B7B2-D4AF2B36F37E}.Debug|ARM.Build.0 = Debug|iPhoneSimulator
		{10E3D974-5120-4FFB-B7B2-D4AF2B36F37E}.Debug|iPhone.ActiveCfg = Debug|iPhone
		{10E3D974-5120-4FFB-B7B2-D4AF2B36F37E}.Debug|iPhone.Build.0 = Debug|iPhone
		{10E3D974-5120-4FFB-B7B2-D4AF2B36F37E}.Debug|iPhoneSimulator.ActiveCfg = Debug|iPhoneSimulator
		{10E3D974-5120-4FFB-B7B2-D4AF2B36F37E}.Debug|iPhoneSimulator.Build.0 = Debug|iPhoneSimulator
		{10E3D974-5120-4FFB-B7B2-D4AF2B36F37E}.Debug|x64.ActiveCfg = Debug|iPhoneSimulator
		{10E3D974-5120-4FFB-B7B2-D4AF2B36F37E}.Debug|x64.Build.0 = Debug|iPhoneSimulator
		{10E3D974-5120-4FFB-B7B2-D4AF2B36F37E}.Debug|x86.ActiveCfg = Debug|iPhoneSimulator
		{10E3D974-5120-4FFB-B7B2-D4AF2B36F37E}.Debug|x86.Build.0 = Debug|iPhoneSimulator
		{10E3D974-5120-4FFB-B7B2-D4AF2B36F37E}.Release|Any CPU.ActiveCfg = Release|iPhone
		{10E3D974-5120-4FFB-B7B2-D4AF2B36F37E}.Release|Any CPU.Build.0 = Release|iPhone
		{10E3D974-5120-4FFB-B7B2-D4AF2B36F37E}.Release|ARM.ActiveCfg = Release|iPhone
		{10E3D974-5120-4FFB-B7B2-D4AF2B36F37E}.Release|ARM.Build.0 = Release|iPhone
		{10E3D974-5120-4FFB-B7B2-D4AF2B36F37E}.Release|iPhone.ActiveCfg = Release|iPhone
		{10E3D974-5120-4FFB-B7B2-D4AF2B36F37E}.Release|iPhone.Build.0 = Release|iPhone
		{10E3D974-5120-4FFB-B7B2-D4AF2B36F37E}.Release|iPhoneSimulator.ActiveCfg = Release|iPhoneSimulator
		{10E3D974-5120-4FFB-B7B2-D4AF2B36F37E}.Release|iPhoneSimulator.Build.0 = Release|iPhoneSimulator
		{10E3D974-5120-4FFB-B7B2-D4AF2B36F37E}.Release|x64.ActiveCfg = Release|iPhone
		{10E3D974-5120-4FFB-B7B2-D4AF2B36F37E}.Release|x64.Build.0 = Release|iPhone
		{10E3D974-5120-4FFB-B7B2-D4AF2B36F37E}.Release|x86.ActiveCfg = Release|iPhone
		{10E3D974-5120-4FFB-B7B2-D4AF2B36F37E}.Release|x86.Build.0 = Release|iPhone
		{1F7517CF-4CE0-4878-9AB8-756AA15082FC}.Debug|Any CPU.ActiveCfg = Debug|Any CPU
		{1F7517CF-4CE0-4878-9AB8-756AA15082FC}.Debug|Any CPU.Build.0 = Debug|Any CPU
		{1F7517CF-4CE0-4878-9AB8-756AA15082FC}.Debug|Any CPU.Deploy.0 = Debug|Any CPU
		{1F7517CF-4CE0-4878-9AB8-756AA15082FC}.Debug|ARM.ActiveCfg = Debug|Any CPU
		{1F7517CF-4CE0-4878-9AB8-756AA15082FC}.Debug|ARM.Build.0 = Debug|Any CPU
		{1F7517CF-4CE0-4878-9AB8-756AA15082FC}.Debug|ARM.Deploy.0 = Debug|Any CPU
		{1F7517CF-4CE0-4878-9AB8-756AA15082FC}.Debug|iPhone.ActiveCfg = Debug|Any CPU
		{1F7517CF-4CE0-4878-9AB8-756AA15082FC}.Debug|iPhone.Build.0 = Debug|Any CPU
		{1F7517CF-4CE0-4878-9AB8-756AA15082FC}.Debug|iPhoneSimulator.ActiveCfg = Debug|Any CPU
		{1F7517CF-4CE0-4878-9AB8-756AA15082FC}.Debug|iPhoneSimulator.Build.0 = Debug|Any CPU
		{1F7517CF-4CE0-4878-9AB8-756AA15082FC}.Debug|x64.ActiveCfg = Debug|Any CPU
		{1F7517CF-4CE0-4878-9AB8-756AA15082FC}.Debug|x64.Build.0 = Debug|Any CPU
		{1F7517CF-4CE0-4878-9AB8-756AA15082FC}.Debug|x86.ActiveCfg = Debug|Any CPU
		{1F7517CF-4CE0-4878-9AB8-756AA15082FC}.Debug|x86.Build.0 = Debug|Any CPU
		{1F7517CF-4CE0-4878-9AB8-756AA15082FC}.Release|Any CPU.ActiveCfg = Release|Any CPU
		{1F7517CF-4CE0-4878-9AB8-756AA15082FC}.Release|Any CPU.Build.0 = Release|Any CPU
		{1F7517CF-4CE0-4878-9AB8-756AA15082FC}.Release|ARM.ActiveCfg = Release|Any CPU
		{1F7517CF-4CE0-4878-9AB8-756AA15082FC}.Release|ARM.Build.0 = Release|Any CPU
		{1F7517CF-4CE0-4878-9AB8-756AA15082FC}.Release|iPhone.ActiveCfg = Release|Any CPU
		{1F7517CF-4CE0-4878-9AB8-756AA15082FC}.Release|iPhone.Build.0 = Release|Any CPU
		{1F7517CF-4CE0-4878-9AB8-756AA15082FC}.Release|iPhoneSimulator.ActiveCfg = Release|Any CPU
		{1F7517CF-4CE0-4878-9AB8-756AA15082FC}.Release|iPhoneSimulator.Build.0 = Release|Any CPU
		{1F7517CF-4CE0-4878-9AB8-756AA15082FC}.Release|x64.ActiveCfg = Release|Any CPU
		{1F7517CF-4CE0-4878-9AB8-756AA15082FC}.Release|x64.Build.0 = Release|Any CPU
		{1F7517CF-4CE0-4878-9AB8-756AA15082FC}.Release|x86.ActiveCfg = Release|Any CPU
		{1F7517CF-4CE0-4878-9AB8-756AA15082FC}.Release|x86.Build.0 = Release|Any CPU
	EndGlobalSection
	GlobalSection(SolutionProperties) = preSolution
		HideSolutionNode = FALSE
	EndGlobalSection
EndGlobal
